
Microsoft Visual Studio Solution File, Format Version 12.00
# Visual Studio Version 16
VisualStudioVersion = 16.0.29519.87
MinimumVisualStudioVersion = 10.0.40219.1
Project("{FAE04EC0-301F-11D3-BF4B-00C04F79EFBC}") = "Adventurer3", "Adventurer3\Adventurer3.csproj", "{FE96B52E-3269-42D8-B279-2C60C1F69ABC}"
EndProject
Global
	GlobalSection(SolutionConfigurationPlatforms) = preSolution
		Debug|Any CPU = Debug|Any CPU
		Release|Any CPU = Release|Any CPU
	EndGlobalSection
	GlobalSection(ProjectConfigurationPlatforms) = postSolution
		{FE96B52E-3269-42D8-B279-2C60C1F69ABC}.Debug|Any CPU.ActiveCfg = Debug|Any CPU
		{FE96B52E-3269-42D8-B279-2C60C1F69ABC}.Debug|Any CPU.Build.0 = Debug|Any CPU
		{FE96B52E-3269-42D8-B279-2C60C1F69ABC}.Release|Any CPU.ActiveCfg = Release|Any CPU
		{FE96B52E-3269-42D8-B279-2C60C1F69ABC}.Release|Any CPU.Build.0 = Release|Any CPU
	EndGlobalSection
	GlobalSection(SolutionProperties) = preSolution
		HideSolutionNode = FALSE
	EndGlobalSection
	GlobalSection(ExtensibilityGlobals) = postSolution
		SolutionGuid = {C137AA29-383A-490A-81F8-BACA2ED96A39}
	EndGlobalSection
EndGlobal
